# THIS IS AN AUTOGENERATED FILE. DO NOT EDIT THIS FILE DIRECTLY.
# yarn lockfile v1


"@formspree/core@^2.7.0":
  version "2.7.0"
  resolved "https://registry.yarnpkg.com/@formspree/core/-/core-2.7.0.tgz#87aeb72dc4837a7a3c386404074cbd4bd96908e2"
  integrity sha512-xSt1VSXgQnRFvg1lCMIMMRJn9GKrcNuuateif0Jqcx4JJhUHZTIDZNNXEMU1VVkI97HUAPgdGekXW8a+Xu2plw==
  dependencies:
    "@stripe/stripe-js" "^1.29.0"
    "@types/promise-polyfill" "^6.0.3"
    fetch-ponyfill "^6.1.0"
    promise-polyfill "^8.1.3"

"@formspree/react@^2.3.0":
  version "2.3.0"
  resolved "https://registry.yarnpkg.com/@formspree/react/-/react-2.3.0.tgz#c51312329ed58148bf4c20048409e689d8edb162"
  integrity sha512-QBHb4mNP3uNPkBfGZ6m4ox0o/Y3ee6L6p/RMRV19C4slXxVxL+TM2vxUvKv/SuUf5ydiXLCCQtYqpVlcG1xHig==
  dependencies:
    "@formspree/core" "^2.7.0"
    "@stripe/react-stripe-js" "^1.7.1"
    "@stripe/stripe-js" "^1.27.0"

"@stripe/react-stripe-js@^1.7.1":
  version "1.10.0"
  resolved "https://registry.yarnpkg.com/@stripe/react-stripe-js/-/react-stripe-js-1.10.0.tgz#5412874b5ed4732e917c6d9bb2b6721ee25615ab"
  integrity sha512-vuIjJUZJ3nyiaGa5z5iyMCzZfGGsgzOOjWjqknbbhkNsewyyginfeky9EZLSz9+iSAsgC9K6MeNOTLKVGcMycQ==
  dependencies:
    prop-types "^15.7.2"

"@stripe/stripe-js@^1.27.0", "@stripe/stripe-js@^1.29.0":
  version "1.35.0"
  resolved "https://registry.yarnpkg.com/@stripe/stripe-js/-/stripe-js-1.35.0.tgz#f809e2e5e0a00f01aa12e8aed0b89d27728c05c0"
  integrity sha512-UIuzpbJqgXCTvJhY/aZYvBtaKdMfQgnIv6kkLlfRJ9smZcC4zoPvq3j7k9wobYI+idHAWP4BRiPnqA8lvzJCtg==

"@types/promise-polyfill@^6.0.3":
  version "6.0.4"
  resolved "https://registry.yarnpkg.com/@types/promise-polyfill/-/promise-polyfill-6.0.4.tgz#c56670c70c601264c67191a85875fe2cf98a4cfd"
  integrity sha512-GSCjjH6mDS8jgpT22rEOkZVqZcYj7i9AHJu4ntpvoohEpa0mLAKP/Kz3POMKqABaFsS4TyNHOeoyWpzycddcoQ==

fetch-ponyfill@^6.1.0:
  version "6.1.1"
  resolved "https://registry.yarnpkg.com/fetch-ponyfill/-/fetch-ponyfill-6.1.1.tgz#dd8cdff0741a98bc89aeb85820302beb9bcc0bf4"
  integrity sha512-rWLgTr5A44/XhvCQPYj0X9Tc+cjUaHofSM4lcwjc9MavD5lkjIhJ+h8JQlavPlTIgDpwhuRozaIykBvX9ItaSA==
  dependencies:
    node-fetch "~2.6.0"

"js-tokens@^3.0.0 || ^4.0.0":
  version "4.0.0"
  resolved "https://registry.yarnpkg.com/js-tokens/-/js-tokens-4.0.0.tgz#19203fb59991df98e3a287050d4647cdeaf32499"
  integrity sha512-RdJUflcE3cUzKiMqQgsCu06FPu9UdIJO0beYbPhHN4k6apgJtifcoCtT9bcxOpYBtpD2kCM6Sbzg4CausW/PKQ==

loose-envify@^1.4.0:
  version "1.4.0"
  resolved "https://registry.yarnpkg.com/loose-envify/-/loose-envify-1.4.0.tgz#71ee51fa7be4caec1a63839f7e682d8132d30caf"
  integrity sha512-lyuxPGr/Wfhrlem2CL/UcnUc1zcqKAImBDzukY7Y5F/yQiNdko6+fRLevlw1HgMySw7f611UIY408EtxRSoK3Q==
  dependencies:
    js-tokens "^3.0.0 || ^4.0.0"

node-fetch@~2.6.0:
  version "2.6.7"
  resolved "https://registry.yarnpkg.com/node-fetch/-/node-fetch-2.6.7.tgz#24de9fba827e3b4ae44dc8b20256a379160052ad"
  integrity sha512-ZjMPFEfVx5j+y2yF35Kzx5sF7kDzxuDj6ziH4FFbOp87zKDZNx8yExJIb05OGF4Nlt9IHFIMBkRl41VdvcNdbQ==
  dependencies:
    whatwg-url "^5.0.0"

object-assign@^4.1.1:
  version "4.1.1"
  resolved "https://registry.yarnpkg.com/object-assign/-/object-assign-4.1.1.tgz#2109adc7965887cfc05cbbd442cac8bfbb360863"
  integrity sha512-rJgTQnkUnH1sFw8yT6VSU3zD3sWmu6sZhIseY8VX+GRu3P6F7Fu+JNDoXfklElbLJSnc3FUQHVe4cU5hj+BcUg==

promise-polyfill@^8.1.3:
  version "8.2.3"
  resolved "https://registry.yarnpkg.com/promise-polyfill/-/promise-polyfill-8.2.3.tgz#2edc7e4b81aff781c88a0d577e5fe9da822107c6"
  integrity sha512-Og0+jCRQetV84U8wVjMNccfGCnMQ9mGs9Hv78QFe+pSDD3gWTpz0y+1QCuxy5d/vBFuZ3iwP2eycAkvqIMPmWg==

prop-types@^15.7.2:
  version "15.8.1"
  resolved "https://registry.yarnpkg.com/prop-types/-/prop-types-15.8.1.tgz#67d87bf1a694f48435cf332c24af10214a3140b5"
  integrity sha512-oj87CgZICdulUohogVAR7AjlC0327U4el4L6eAvOqCeudMDVU0NThNaV+b9Df4dXgSP1gXMTnPdhfe/2qDH5cg==
  dependencies:
    loose-envify "^1.4.0"
    object-assign "^4.1.1"
    react-is "^16.13.1"

react-is@^16.13.1:
  version "16.13.1"
  resolved "https://registry.yarnpkg.com/react-is/-/react-is-16.13.1.tgz#789729a4dc36de2999dc156dd6c1d9c18cea56a4"
  integrity sha512-24e6ynE2H+OKt4kqsOvNd8kBpV65zoxbA4BVsEOB3ARVWQki/DHzaUoC5KuON/BiccDaCCTZBuOcfZs70kR8bQ==

tr46@~0.0.3:
  version "0.0.3"
  resolved "https://registry.yarnpkg.com/tr46/-/tr46-0.0.3.tgz#8184fd347dac9cdc185992f3a6622e14b9d9ab6a"
  integrity sha512-N3WMsuqV66lT30CrXNbEjx4GEwlow3v6rr4mCcv6prnfwhS01rkgyFdjPNBYd9br7LpXV1+Emh01fHnq2Gdgrw==

webidl-conversions@^3.0.0:
  version "3.0.1"
  resolved "https://registry.yarnpkg.com/webidl-conversions/-/webidl-conversions-3.0.1.tgz#24534275e2a7bc6be7bc86611cc16ae0a5654871"
  integrity sha512-2JAn3z8AR6rjK8Sm8orRC0h/bcl/DqL7tRPdGZ4I1CjdF+EaMLmYxBHyXuKL849eucPFhvBoxMsflfOb8kxaeQ==

whatwg-url@^5.0.0:
  version "5.0.0"
  resolved "https://registry.yarnpkg.com/whatwg-url/-/whatwg-url-5.0.0.tgz#966454e8765462e37644d3626f6742ce8b70965d"
  integrity sha512-saE57nupxk6v3HY35+jzBwYa0rKSy0XR8JSxZPwgLr7ys0IBzhGviA1/TUGJLmSVqs8pb9AnvICXEuOHLprYTw==
  dependencies:
    tr46 "~0.0.3"
    webidl-conversions "^3.0.0"
